
Microsoft Visual Studio Solution File, Format Version 12.00
# Visual Studio Version 16
VisualStudioVersion = 16.0.30611.23
MinimumVisualStudioVersion = 10.0.40219.1
Project("{FAE04EC0-301F-11D3-BF4B-00C04F79EFBC}") = "BowlingConsoleApp", "BowlingConsoleApp\BowlingConsoleApp.csproj", "{C10EDCDB-E199-4710-9519-A395C1F0E95E}"
EndProject
Global
	GlobalSection(SolutionConfigurationPlatforms) = preSolution
		Debug|Any CPU = Debug|Any CPU
		Release|Any CPU = Release|Any CPU
	EndGlobalSection
	GlobalSection(ProjectConfigurationPlatforms) = postSolution
		{C10EDCDB-E199-4710-9519-A395C1F0E95E}.Debug|Any CPU.ActiveCfg = Debug|Any CPU
		{C10EDCDB-E199-4710-9519-A395C1F0E95E}.Debug|Any CPU.Build.0 = Debug|Any CPU
		{C10EDCDB-E199-4710-9519-A395C1F0E95E}.Release|Any CPU.ActiveCfg = Release|Any CPU
		{C10EDCDB-E199-4710-9519-A395C1F0E95E}.Release|Any CPU.Build.0 = Release|Any CPU
	EndGlobalSection
	GlobalSection(SolutionProperties) = preSolution
		HideSolutionNode = FALSE
	EndGlobalSection
	GlobalSection(ExtensibilityGlobals) = postSolution
		SolutionGuid = {BB70402E-51B7-4652-8B6F-9D90EF6F7C0B}
	EndGlobalSection
EndGlobal
